
Microsoft Visual Studio Solution File, Format Version 12.00
# Visual Studio Version 17
VisualStudioVersion = 17.7.34003.232
MinimumVisualStudioVersion = 10.0.40219.1
Project("{9A19103F-16F7-4668-BE54-9A1E7A4F7556}") = "TroubleTrack", "TroubleTrack\TroubleTrack.csproj", "{C2B1E09A-2F97-4819-AF0D-948EB74D9638}"
EndProject
Global
	GlobalSection(SolutionConfigurationPlatforms) = preSolution
		Debug|Any CPU = Debug|Any CPU
		Release|Any CPU = Release|Any CPU
	EndGlobalSection
	GlobalSection(ProjectConfigurationPlatforms) = postSolution
		{C2B1E09A-2F97-4819-AF0D-948EB74D9638}.Debug|Any CPU.ActiveCfg = Debug|Any CPU
		{C2B1E09A-2F97-4819-AF0D-948EB74D9638}.Debug|Any CPU.Build.0 = Debug|Any CPU
		{C2B1E09A-2F97-4819-AF0D-948EB74D9638}.Debug|Any CPU.Deploy.0 = Debug|Any CPU
		{C2B1E09A-2F97-4819-AF0D-948EB74D9638}.Release|Any CPU.ActiveCfg = Release|Any CPU
		{C2B1E09A-2F97-4819-AF0D-948EB74D9638}.Release|Any CPU.Build.0 = Release|Any CPU
		{C2B1E09A-2F97-4819-AF0D-948EB74D9638}.Release|Any CPU.Deploy.0 = Release|Any CPU
	EndGlobalSection
	GlobalSection(SolutionProperties) = preSolution
		HideSolutionNode = FALSE
	EndGlobalSection
	GlobalSection(ExtensibilityGlobals) = postSolution
		SolutionGuid = {AB0C033F-0E53-4734-B29F-A85C4B0104A4}
	EndGlobalSection
EndGlobal
